
Microsoft Visual Studio Solution File, Format Version 12.00
# Visual Studio 15
VisualStudioVersion = 15.0.27110.0
MinimumVisualStudioVersion = 10.0.40219.1
Project("{9A19103F-16F7-4668-BE54-9A1E7A4F7556}") = "TvConsole.Win32", "TvConsole.Win32\TvConsole.Win32.csproj", "{07C5A691-398C-4BEE-A238-69A68B6048CC}"
EndProject
Project("{9A19103F-16F7-4668-BE54-9A1E7A4F7556}") = "TvConsole", "TvConsole\TvConsole.csproj", "{BEC410FA-6164-4D9E-B76B-73959E402367}"
EndProject
Project("{9A19103F-16F7-4668-BE54-9A1E7A4F7556}") = "TvConsole.Sample", "TvConsole.Sample\TvConsole.Sample.csproj", "{9B97A04D-6FFD-4F79-8D11-2E64018165BD}"
EndProject
Project("{2150E333-8FDC-42A3-9474-1A3956D46DE8}") = "Sample", "Sample", "{561AB3D5-981D-4C9F-8587-08F64ACDEF0A}"
EndProject
Project("{9A19103F-16F7-4668-BE54-9A1E7A4F7556}") = "TvConsole.Shared", "TvConsole.Shared\TvConsole.Shared.csproj", "{A81115C6-72DF-400A-B1C4-A71ACD57BF70}"
EndProject
Project("{FAE04EC0-301F-11D3-BF4B-00C04F79EFBC}") = "TvConsole.Linux", "TvConsole.Linux\TvConsole.Linux.csproj", "{B6B71E32-EBC4-4FB8-A18B-DE3C61613D00}"
EndProject
Global
	GlobalSection(SolutionConfigurationPlatforms) = preSolution
		Debug|Any CPU = Debug|Any CPU
		Release|Any CPU = Release|Any CPU
	EndGlobalSection
	GlobalSection(ProjectConfigurationPlatforms) = postSolution
		{07C5A691-398C-4BEE-A238-69A68B6048CC}.Debug|Any CPU.ActiveCfg = Debug|Any CPU
		{07C5A691-398C-4BEE-A238-69A68B6048CC}.Debug|Any CPU.Build.0 = Debug|Any CPU
		{07C5A691-398C-4BEE-A238-69A68B6048CC}.Release|Any CPU.ActiveCfg = Release|Any CPU
		{07C5A691-398C-4BEE-A238-69A68B6048CC}.Release|Any CPU.Build.0 = Release|Any CPU
		{BEC410FA-6164-4D9E-B76B-73959E402367}.Debug|Any CPU.ActiveCfg = Debug|Any CPU
		{BEC410FA-6164-4D9E-B76B-73959E402367}.Debug|Any CPU.Build.0 = Debug|Any CPU
		{BEC410FA-6164-4D9E-B76B-73959E402367}.Release|Any CPU.ActiveCfg = Release|Any CPU
		{BEC410FA-6164-4D9E-B76B-73959E402367}.Release|Any CPU.Build.0 = Release|Any CPU
		{9B97A04D-6FFD-4F79-8D11-2E64018165BD}.Debug|Any CPU.ActiveCfg = Debug|Any CPU
		{9B97A04D-6FFD-4F79-8D11-2E64018165BD}.Debug|Any CPU.Build.0 = Debug|Any CPU
		{9B97A04D-6FFD-4F79-8D11-2E64018165BD}.Release|Any CPU.ActiveCfg = Release|Any CPU
		{9B97A04D-6FFD-4F79-8D11-2E64018165BD}.Release|Any CPU.Build.0 = Release|Any CPU
		{A81115C6-72DF-400A-B1C4-A71ACD57BF70}.Debug|Any CPU.ActiveCfg = Debug|Any CPU
		{A81115C6-72DF-400A-B1C4-A71ACD57BF70}.Debug|Any CPU.Build.0 = Debug|Any CPU
		{A81115C6-72DF-400A-B1C4-A71ACD57BF70}.Release|Any CPU.ActiveCfg = Release|Any CPU
		{A81115C6-72DF-400A-B1C4-A71ACD57BF70}.Release|Any CPU.Build.0 = Release|Any CPU
		{B6B71E32-EBC4-4FB8-A18B-DE3C61613D00}.Debug|Any CPU.ActiveCfg = Debug|Any CPU
		{B6B71E32-EBC4-4FB8-A18B-DE3C61613D00}.Debug|Any CPU.Build.0 = Debug|Any CPU
		{B6B71E32-EBC4-4FB8-A18B-DE3C61613D00}.Release|Any CPU.ActiveCfg = Release|Any CPU
		{B6B71E32-EBC4-4FB8-A18B-DE3C61613D00}.Release|Any CPU.Build.0 = Release|Any CPU
	EndGlobalSection
	GlobalSection(SolutionProperties) = preSolution
		HideSolutionNode = FALSE
	EndGlobalSection
	GlobalSection(NestedProjects) = preSolution
		{9B97A04D-6FFD-4F79-8D11-2E64018165BD} = {561AB3D5-981D-4C9F-8587-08F64ACDEF0A}
	EndGlobalSection
	GlobalSection(ExtensibilityGlobals) = postSolution
		SolutionGuid = {8636606F-93ED-4930-A462-70F06E771B8E}
	EndGlobalSection
EndGlobal
